// !$*UTF8*$!
{
	archiveVersion = 1;
	classes = {
	};
	objectVersion = 50;
	objects = {

/* Begin PBXBuildFile section */
		85E99FCD230829FE00037D19 /* AppDelegate.swift in Sources */ = {isa = PBXBuildFile; fileRef = 85E99FCC230829FE00037D19 /* AppDelegate.swift */; };
		85E99FD2230829FE00037D19 /* Main.storyboard in Resources */ = {isa = PBXBuildFile; fileRef = 85E99FD0230829FE00037D19 /* Main.storyboard */; };
		85E99FD4230829FF00037D19 /* Assets.xcassets in Resources */ = {isa = PBXBuildFile; fileRef = 85E99FD3230829FF00037D19 /* Assets.xcassets */; };
		85E99FD7230829FF00037D19 /* LaunchScreen.storyboard in Resources */ = {isa = PBXBuildFile; fileRef = 85E99FD5230829FF00037D19 /* LaunchScreen.storyboard */; };
		85E9A01D23082DB700037D19 /* HTTPClient.swift in Sources */ = {isa = PBXBuildFile; fileRef = 85E9A01C23082DB700037D19 /* HTTPClient.swift */; };
		85E9A01F230832E400037D19 /* HTTPClientTests.swift in Sources */ = {isa = PBXBuildFile; fileRef = 85E9A01E230832E400037D19 /* HTTPClientTests.swift */; };
		85E9A0212308354800037D19 /* RESTClient.swift in Sources */ = {isa = PBXBuildFile; fileRef = 85E9A0202308354800037D19 /* RESTClient.swift */; };
		85E9A024230836AA00037D19 /* Model.swift in Sources */ = {isa = PBXBuildFile; fileRef = 85E9A023230836AA00037D19 /* Model.swift */; };
		85E9A0282308376300037D19 /* RESTClientTests.swift in Sources */ = {isa = PBXBuildFile; fileRef = 85E9A0272308376300037D19 /* RESTClientTests.swift */; };
		85E9A040230880A900037D19 /* TabBarController.swift in Sources */ = {isa = PBXBuildFile; fileRef = 85E9A03F230880A900037D19 /* TabBarController.swift */; };
		85E9A0422308817400037D19 /* ListTableViewController.swift in Sources */ = {isa = PBXBuildFile; fileRef = 85E9A0412308817400037D19 /* ListTableViewController.swift */; };
		85E9A0452308827700037D19 /* StoryboardInstantiated.swift in Sources */ = {isa = PBXBuildFile; fileRef = 85E9A0442308827700037D19 /* StoryboardInstantiated.swift */; };
		85E9A0482308849400037D19 /* CharacterCell.swift in Sources */ = {isa = PBXBuildFile; fileRef = 85E9A0472308849400037D19 /* CharacterCell.swift */; };
		85E9A04D2308852B00037D19 /* CharactersListViewModel.swift in Sources */ = {isa = PBXBuildFile; fileRef = 85E9A04C2308852B00037D19 /* CharactersListViewModel.swift */; };
		85E9A04F23088EB200037D19 /* ListViewModel.swift in Sources */ = {isa = PBXBuildFile; fileRef = 85E9A04E23088EB200037D19 /* ListViewModel.swift */; };
		85E9A05123088F9400037D19 /* FavoritesListViewModel.swift in Sources */ = {isa = PBXBuildFile; fileRef = 85E9A05023088F9400037D19 /* FavoritesListViewModel.swift */; };
		85E9A0532308A72B00037D19 /* CharacterDetailsViewController.swift in Sources */ = {isa = PBXBuildFile; fileRef = 85E9A0522308A72B00037D19 /* CharacterDetailsViewController.swift */; };
		85E9A0572308AE5800037D19 /* ImageCache.swift in Sources */ = {isa = PBXBuildFile; fileRef = 85E9A0562308AE5800037D19 /* ImageCache.swift */; };
		85E9A0592308B6F100037D19 /* LocationDetailsViewController.swift in Sources */ = {isa = PBXBuildFile; fileRef = 85E9A0582308B6F100037D19 /* LocationDetailsViewController.swift */; };
		85E9A05D23093A8F00037D19 /* ImageCacheTests.swift in Sources */ = {isa = PBXBuildFile; fileRef = 85E9A05C23093A8F00037D19 /* ImageCacheTests.swift */; };
		85E9A05F23093E9700037D19 /* CharacterDetailsViewModel.swift in Sources */ = {isa = PBXBuildFile; fileRef = 85E9A05E23093E9700037D19 /* CharacterDetailsViewModel.swift */; };
		85E9A0612309444400037D19 /* LocationDetailsViewModel.swift in Sources */ = {isa = PBXBuildFile; fileRef = 85E9A0602309444400037D19 /* LocationDetailsViewModel.swift */; };
/* End PBXBuildFile section */

/* Begin PBXContainerItemProxy section */
		85E99FDE230829FF00037D19 /* PBXContainerItemProxy */ = {
			isa = PBXContainerItemProxy;
			containerPortal = 85E99FC1230829FE00037D19 /* Project object */;
			proxyType = 1;
			remoteGlobalIDString = 85E99FC8230829FE00037D19;
			remoteInfo = NCSRMTest;
		};
/* End PBXContainerItemProxy section */

/* Begin PBXFileReference section */
		85E99FC9230829FE00037D19 /* NCSRMTest.app */ = {isa = PBXFileReference; explicitFileType = wrapper.application; includeInIndex = 0; path = NCSRMTest.app; sourceTree = BUILT_PRODUCTS_DIR; };
		85E99FCC230829FE00037D19 /* AppDelegate.swift */ = {isa = PBXFileReference; lastKnownFileType = sourcecode.swift; path = AppDelegate.swift; sourceTree = "<group>"; };
		85E99FD1230829FE00037D19 /* Base */ = {isa = PBXFileReference; lastKnownFileType = file.storyboard; name = Base; path = Base.lproj/Main.storyboard; sourceTree = "<group>"; };
		85E99FD3230829FF00037D19 /* Assets.xcassets */ = {isa = PBXFileReference; lastKnownFileType = folder.assetcatalog; path = Assets.xcassets; sourceTree = "<group>"; };
		85E99FD6230829FF00037D19 /* Base */ = {isa = PBXFileReference; lastKnownFileType = file.storyboard; name = Base; path = Base.lproj/LaunchScreen.storyboard; sourceTree = "<group>"; };
		85E99FD8230829FF00037D19 /* Info.plist */ = {isa = PBXFileReference; lastKnownFileType = text.plist.xml; path = Info.plist; sourceTree = "<group>"; };
		85E99FDD230829FF00037D19 /* NCSRMTestTests.xctest */ = {isa = PBXFileReference; explicitFileType = wrapper.cfbundle; includeInIndex = 0; path = NCSRMTestTests.xctest; sourceTree = BUILT_PRODUCTS_DIR; };
		85E99FE3230829FF00037D19 /* Info.plist */ = {isa = PBXFileReference; lastKnownFileType = text.plist.xml; path = Info.plist; sourceTree = "<group>"; };
		85E9A01C23082DB700037D19 /* HTTPClient.swift */ = {isa = PBXFileReference; lastKnownFileType = sourcecode.swift; path = HTTPClient.swift; sourceTree = "<group>"; };
		85E9A01E230832E400037D19 /* HTTPClientTests.swift */ = {isa = PBXFileReference; lastKnownFileType = sourcecode.swift; path = HTTPClientTests.swift; sourceTree = "<group>"; };
		85E9A0202308354800037D19 /* RESTClient.swift */ = {isa = PBXFileReference; lastKnownFileType = sourcecode.swift; path = RESTClient.swift; sourceTree = "<group>"; };
		85E9A023230836AA00037D19 /* Model.swift */ = {isa = PBXFileReference; lastKnownFileType = sourcecode.swift; path = Model.swift; sourceTree = "<group>"; };
		85E9A0272308376300037D19 /* RESTClientTests.swift */ = {isa = PBXFileReference; lastKnownFileType = sourcecode.swift; path = RESTClientTests.swift; sourceTree = "<group>"; };
		85E9A03F230880A900037D19 /* TabBarController.swift */ = {isa = PBXFileReference; lastKnownFileType = sourcecode.swift; path = TabBarController.swift; sourceTree = "<group>"; };
		85E9A0412308817400037D19 /* ListTableViewController.swift */ = {isa = PBXFileReference; lastKnownFileType = sourcecode.swift; path = ListTableViewController.swift; sourceTree = "<group>"; };
		85E9A0442308827700037D19 /* StoryboardInstantiated.swift */ = {isa = PBXFileReference; lastKnownFileType = sourcecode.swift; path = StoryboardInstantiated.swift; sourceTree = "<group>"; };
		85E9A0472308849400037D19 /* CharacterCell.swift */ = {isa = PBXFileReference; lastKnownFileType = sourcecode.swift; path = CharacterCell.swift; sourceTree = "<group>"; };
		85E9A04C2308852B00037D19 /* CharactersListViewModel.swift */ = {isa = PBXFileReference; lastKnownFileType = sourcecode.swift; path = CharactersListViewModel.swift; sourceTree = "<group>"; };
		85E9A04E23088EB200037D19 /* ListViewModel.swift */ = {isa = PBXFileReference; lastKnownFileType = sourcecode.swift; path = ListViewModel.swift; sourceTree = "<group>"; };
		85E9A05023088F9400037D19 /* FavoritesListViewModel.swift */ = {isa = PBXFileReference; lastKnownFileType = sourcecode.swift; path = FavoritesListViewModel.swift; sourceTree = "<group>"; };
		85E9A0522308A72B00037D19 /* CharacterDetailsViewController.swift */ = {isa = PBXFileReference; lastKnownFileType = sourcecode.swift; path = CharacterDetailsViewController.swift; sourceTree = "<group>"; };
		85E9A0562308AE5800037D19 /* ImageCache.swift */ = {isa = PBXFileReference; lastKnownFileType = sourcecode.swift; path = ImageCache.swift; sourceTree = "<group>"; };
		85E9A0582308B6F100037D19 /* LocationDetailsViewController.swift */ = {isa = PBXFileReference; lastKnownFileType = sourcecode.swift; path = LocationDetailsViewController.swift; sourceTree = "<group>"; };
		85E9A05C23093A8F00037D19 /* ImageCacheTests.swift */ = {isa = PBXFileReference; lastKnownFileType = sourcecode.swift; path = ImageCacheTests.swift; sourceTree = "<group>"; };
		85E9A05E23093E9700037D19 /* CharacterDetailsViewModel.swift */ = {isa = PBXFileReference; lastKnownFileType = sourcecode.swift; path = CharacterDetailsViewModel.swift; sourceTree = "<group>"; };
		85E9A0602309444400037D19 /* LocationDetailsViewModel.swift */ = {isa = PBXFileReference; lastKnownFileType = sourcecode.swift; path = LocationDetailsViewModel.swift; sourceTree = "<group>"; };
/* End PBXFileReference section */

/* Begin PBXFrameworksBuildPhase section */
		85E99FC6230829FE00037D19 /* Frameworks */ = {
			isa = PBXFrameworksBuildPhase;
			buildActionMask = 2147483647;
			files = (
			);
			runOnlyForDeploymentPostprocessing = 0;
		};
		85E99FDA230829FF00037D19 /* Frameworks */ = {
			isa = PBXFrameworksBuildPhase;
			buildActionMask = 2147483647;
			files = (
			);
			runOnlyForDeploymentPostprocessing = 0;
		};
/* End PBXFrameworksBuildPhase section */

/* Begin PBXGroup section */
		85E99FC0230829FE00037D19 = {
			isa = PBXGroup;
			children = (
				85E99FCB230829FE00037D19 /* NCSRMTest */,
				85E99FE0230829FF00037D19 /* NCSRMTestTests */,
				85E99FCA230829FE00037D19 /* Products */,
			);
			sourceTree = "<group>";
		};
		85E99FCA230829FE00037D19 /* Products */ = {
			isa = PBXGroup;
			children = (
				85E99FC9230829FE00037D19 /* NCSRMTest.app */,
				85E99FDD230829FF00037D19 /* NCSRMTestTests.xctest */,
			);
			name = Products;
			sourceTree = "<group>";
		};
		85E99FCB230829FE00037D19 /* NCSRMTest */ = {
			isa = PBXGroup;
			children = (
				85E9A0222308369900037D19 /* Model */,
				85E9A01B23082DA500037D19 /* Networking */,
				85E9A0462308846B00037D19 /* TableViewCells */,
				85E9A0432308826500037D19 /* Utilities */,
				85E9A03E2308808E00037D19 /* ViewControllers */,
				85E9A049230884E900037D19 /* ViewModels */,
				85E99FCC230829FE00037D19 /* AppDelegate.swift */,
				85E99FD0230829FE00037D19 /* Main.storyboard */,
				85E99FD3230829FF00037D19 /* Assets.xcassets */,
				85E99FD5230829FF00037D19 /* LaunchScreen.storyboard */,
				85E99FD8230829FF00037D19 /* Info.plist */,
			);
			path = NCSRMTest;
			sourceTree = "<group>";
		};
		85E99FE0230829FF00037D19 /* NCSRMTestTests */ = {
			isa = PBXGroup;
			children = (
				85E9A01E230832E400037D19 /* HTTPClientTests.swift */,
				85E9A0272308376300037D19 /* RESTClientTests.swift */,
				85E9A05C23093A8F00037D19 /* ImageCacheTests.swift */,
				85E99FE3230829FF00037D19 /* Info.plist */,
			);
			path = NCSRMTestTests;
			sourceTree = "<group>";
		};
		85E9A01B23082DA500037D19 /* Networking */ = {
			isa = PBXGroup;
			children = (
				85E9A01C23082DB700037D19 /* HTTPClient.swift */,
				85E9A0202308354800037D19 /* RESTClient.swift */,
			);
			path = Networking;
			sourceTree = "<group>";
		};
		85E9A0222308369900037D19 /* Model */ = {
			isa = PBXGroup;
			children = (
				85E9A023230836AA00037D19 /* Model.swift */,
			);
			path = Model;
			sourceTree = "<group>";
		};
		85E9A03E2308808E00037D19 /* ViewControllers */ = {
			isa = PBXGroup;
			children = (
				85E9A03F230880A900037D19 /* TabBarController.swift */,
				85E9A0412308817400037D19 /* ListTableViewController.swift */,
				85E9A0522308A72B00037D19 /* CharacterDetailsViewController.swift */,
				85E9A0582308B6F100037D19 /* LocationDetailsViewController.swift */,
			);
			path = ViewControllers;
			sourceTree = "<group>";
		};
		85E9A0432308826500037D19 /* Utilities */ = {
			isa = PBXGroup;
			children = (
				85E9A0442308827700037D19 /* StoryboardInstantiated.swift */,
				85E9A0562308AE5800037D19 /* ImageCache.swift */,
			);
			path = Utilities;
			sourceTree = "<group>";
		};
		85E9A0462308846B00037D19 /* TableViewCells */ = {
			isa = PBXGroup;
			children = (
				85E9A0472308849400037D19 /* CharacterCell.swift */,
			);
			path = TableViewCells;
			sourceTree = "<group>";
		};
		85E9A049230884E900037D19 /* ViewModels */ = {
			isa = PBXGroup;
			children = (
				85E9A05E23093E9700037D19 /* CharacterDetailsViewModel.swift */,
				85E9A04C2308852B00037D19 /* CharactersListViewModel.swift */,
				85E9A05023088F9400037D19 /* FavoritesListViewModel.swift */,
				85E9A04E23088EB200037D19 /* ListViewModel.swift */,
				85E9A0602309444400037D19 /* LocationDetailsViewModel.swift */,
			);
			path = ViewModels;
			sourceTree = "<group>";
		};
/* End PBXGroup section */

/* Begin PBXNativeTarget section */
		85E99FC8230829FE00037D19 /* NCSRMTest */ = {
			isa = PBXNativeTarget;
			buildConfigurationList = 85E99FE6230829FF00037D19 /* Build configuration list for PBXNativeTarget "NCSRMTest" */;
			buildPhases = (
				85E99FC5230829FE00037D19 /* Sources */,
				85E99FC6230829FE00037D19 /* Frameworks */,
				85E99FC7230829FE00037D19 /* Resources */,
			);
			buildRules = (
			);
			dependencies = (
			);
			name = NCSRMTest;
			productName = NCSRMTest;
			productReference = 85E99FC9230829FE00037D19 /* NCSRMTest.app */;
			productType = "com.apple.product-type.application";
		};
		85E99FDC230829FF00037D19 /* NCSRMTestTests */ = {
			isa = PBXNativeTarget;
			buildConfigurationList = 85E99FE9230829FF00037D19 /* Build configuration list for PBXNativeTarget "NCSRMTestTests" */;
			buildPhases = (
				85E99FD9230829FF00037D19 /* Sources */,
				85E99FDA230829FF00037D19 /* Frameworks */,
				85E99FDB230829FF00037D19 /* Resources */,
			);
			buildRules = (
			);
			dependencies = (
				85E99FDF230829FF00037D19 /* PBXTargetDependency */,
			);
			name = NCSRMTestTests;
			productName = NCSRMTestTests;
			productReference = 85E99FDD230829FF00037D19 /* NCSRMTestTests.xctest */;
			productType = "com.apple.product-type.bundle.unit-test";
		};
/* End PBXNativeTarget section */

/* Begin PBXProject section */
		85E99FC1230829FE00037D19 /* Project object */ = {
			isa = PBXProject;
			attributes = {
				LastSwiftUpdateCheck = 1030;
				LastUpgradeCheck = 1030;
				ORGANIZATIONNAME = "Niklas S";
				TargetAttributes = {
					85E99FC8230829FE00037D19 = {
						CreatedOnToolsVersion = 10.3;
					};
					85E99FDC230829FF00037D19 = {
						CreatedOnToolsVersion = 10.3;
						TestTargetID = 85E99FC8230829FE00037D19;
					};
				};
			};
			buildConfigurationList = 85E99FC4230829FE00037D19 /* Build configuration list for PBXProject "NCSRMTest" */;
			compatibilityVersion = "Xcode 9.3";
			developmentRegion = en;
			hasScannedForEncodings = 0;
			knownRegions = (
				en,
				Base,
			);
			mainGroup = 85E99FC0230829FE00037D19;
			productRefGroup = 85E99FCA230829FE00037D19 /* Products */;
			projectDirPath = "";
			projectRoot = "";
			targets = (
				85E99FC8230829FE00037D19 /* NCSRMTest */,
				85E99FDC230829FF00037D19 /* NCSRMTestTests */,
			);
		};
/* End PBXProject section */

/* Begin PBXResourcesBuildPhase section */
		85E99FC7230829FE00037D19 /* Resources */ = {
			isa = PBXResourcesBuildPhase;
			buildActionMask = 2147483647;
			files = (
				85E99FD7230829FF00037D19 /* LaunchScreen.storyboard in Resources */,
				85E99FD4230829FF00037D19 /* Assets.xcassets in Resources */,
				85E99FD2230829FE00037D19 /* Main.storyboard in Resources */,
			);
			runOnlyForDeploymentPostprocessing = 0;
		};
		85E99FDB230829FF00037D19 /* Resources */ = {
			isa = PBXResourcesBuildPhase;
			buildActionMask = 2147483647;
			files = (
			);
			runOnlyForDeploymentPostprocessing = 0;
		};
/* End PBXResourcesBuildPhase section */

/* Begin PBXSourcesBuildPhase section */
		85E99FC5230829FE00037D19 /* Sources */ = {
			isa = PBXSourcesBuildPhase;
			buildActionMask = 2147483647;
			files = (
				85E9A0592308B6F100037D19 /* LocationDetailsViewController.swift in Sources */,
				85E9A04F23088EB200037D19 /* ListViewModel.swift in Sources */,
				85E9A05123088F9400037D19 /* FavoritesListViewModel.swift in Sources */,
				85E9A04D2308852B00037D19 /* CharactersListViewModel.swift in Sources */,
				85E9A0612309444400037D19 /* LocationDetailsViewModel.swift in Sources */,
				85E9A0452308827700037D19 /* StoryboardInstantiated.swift in Sources */,
				85E9A024230836AA00037D19 /* Model.swift in Sources */,
				85E9A0532308A72B00037D19 /* CharacterDetailsViewController.swift in Sources */,
				85E9A0212308354800037D19 /* RESTClient.swift in Sources */,
				85E9A05F23093E9700037D19 /* CharacterDetailsViewModel.swift in Sources */,
				85E9A0482308849400037D19 /* CharacterCell.swift in Sources */,
				85E9A040230880A900037D19 /* TabBarController.swift in Sources */,
				85E99FCD230829FE00037D19 /* AppDelegate.swift in Sources */,
				85E9A01D23082DB700037D19 /* HTTPClient.swift in Sources */,
				85E9A0572308AE5800037D19 /* ImageCache.swift in Sources */,
				85E9A0422308817400037D19 /* ListTableViewController.swift in Sources */,
			);
			runOnlyForDeploymentPostprocessing = 0;
		};
		85E99FD9230829FF00037D19 /* Sources */ = {
			isa = PBXSourcesBuildPhase;
			buildActionMask = 2147483647;
			files = (
				85E9A0282308376300037D19 /* RESTClientTests.swift in Sources */,
				85E9A05D23093A8F00037D19 /* ImageCacheTests.swift in Sources */,
				85E9A01F230832E400037D19 /* HTTPClientTests.swift in Sources */,
			);
			runOnlyForDeploymentPostprocessing = 0;
		};
/* End PBXSourcesBuildPhase section */

/* Begin PBXTargetDependency section */
		85E99FDF230829FF00037D19 /* PBXTargetDependency */ = {
			isa = PBXTargetDependency;
			target = 85E99FC8230829FE00037D19 /* NCSRMTest */;
			targetProxy = 85E99FDE230829FF00037D19 /* PBXContainerItemProxy */;
		};
/* End PBXTargetDependency section */

/* Begin PBXVariantGroup section */
		85E99FD0230829FE00037D19 /* Main.storyboard */ = {
			isa = PBXVariantGroup;
			children = (
				85E99FD1230829FE00037D19 /* Base */,
			);
			name = Main.storyboard;
			sourceTree = "<group>";
		};
		85E99FD5230829FF00037D19 /* LaunchScreen.storyboard */ = {
			isa = PBXVariantGroup;
			children = (
				85E99FD6230829FF00037D19 /* Base */,
			);
			name = LaunchScreen.storyboard;
			sourceTree = "<group>";
		};
/* End PBXVariantGroup section */

/* Begin XCBuildConfiguration section */
		85E99FE4230829FF00037D19 /* Debug */ = {
			isa = XCBuildConfiguration;
			buildSettings = {
				ALWAYS_SEARCH_USER_PATHS = NO;
				CLANG_ANALYZER_NONNULL = YES;
				CLANG_ANALYZER_NUMBER_OBJECT_CONVERSION = YES_AGGRESSIVE;
				CLANG_CXX_LANGUAGE_STANDARD = "gnu++14";
				CLANG_CXX_LIBRARY = "libc++";
				CLANG_ENABLE_MODULES = YES;
				CLANG_ENABLE_OBJC_ARC = YES;
				CLANG_ENABLE_OBJC_WEAK = YES;
				CLANG_WARN_BLOCK_CAPTURE_AUTORELEASING = YES;
				CLANG_WARN_BOOL_CONVERSION = YES;
				CLANG_WARN_COMMA = YES;
				CLANG_WARN_CONSTANT_CONVERSION = YES;
				CLANG_WARN_DEPRECATED_OBJC_IMPLEMENTATIONS = YES;
				CLANG_WARN_DIRECT_OBJC_ISA_USAGE = YES_ERROR;
				CLANG_WARN_DOCUMENTATION_COMMENTS = YES;
				CLANG_WARN_EMPTY_BODY = YES;
				CLANG_WARN_ENUM_CONVERSION = YES;
				CLANG_WARN_INFINITE_RECURSION = YES;
				CLANG_WARN_INT_CONVERSION = YES;
				CLANG_WARN_NON_LITERAL_NULL_CONVERSION = YES;
				CLANG_WARN_OBJC_IMPLICIT_RETAIN_SELF = YES;
				CLANG_WARN_OBJC_LITERAL_CONVERSION = YES;
				CLANG_WARN_OBJC_ROOT_CLASS = YES_ERROR;
				CLANG_WARN_RANGE_LOOP_ANALYSIS = YES;
				CLANG_WARN_STRICT_PROTOTYPES = YES;
				CLANG_WARN_SUSPICIOUS_MOVE = YES;
				CLANG_WARN_UNGUARDED_AVAILABILITY = YES_AGGRESSIVE;
				CLANG_WARN_UNREACHABLE_CODE = YES;
				CLANG_WARN__DUPLICATE_METHOD_MATCH = YES;
				CODE_SIGN_IDENTITY = "iPhone Developer";
				COPY_PHASE_STRIP = NO;
				DEBUG_INFORMATION_FORMAT = dwarf;
				ENABLE_STRICT_OBJC_MSGSEND = YES;
				ENABLE_TESTABILITY = YES;
				GCC_C_LANGUAGE_STANDARD = gnu11;
				GCC_DYNAMIC_NO_PIC = NO;
				GCC_NO_COMMON_BLOCKS = YES;
				GCC_OPTIMIZATION_LEVEL = 0;
				GCC_PREPROCESSOR_DEFINITIONS = (
					"DEBUG=1",
					"$(inherited)",
				);
				GCC_WARN_64_TO_32_BIT_CONVERSION = YES;
				GCC_WARN_ABOUT_RETURN_TYPE = YES_ERROR;
				GCC_WARN_UNDECLARED_SELECTOR = YES;
				GCC_WARN_UNINITIALIZED_AUTOS = YES_AGGRESSIVE;
				GCC_WARN_UNUSED_FUNCTION = YES;
				GCC_WARN_UNUSED_VARIABLE = YES;
				IPHONEOS_DEPLOYMENT_TARGET = 10.0;
				MTL_ENABLE_DEBUG_INFO = INCLUDE_SOURCE;
				MTL_FAST_MATH = YES;
				ONLY_ACTIVE_ARCH = YES;
				SDKROOT = iphoneos;
				SWIFT_ACTIVE_COMPILATION_CONDITIONS = DEBUG;
				SWIFT_OPTIMIZATION_LEVEL = "-Onone";
			};
			name = Debug;
		};
		85E99FE5230829FF00037D19 /* Release */ = {
			isa = XCBuildConfiguration;
			buildSettings = {
				ALWAYS_SEARCH_USER_PATHS = NO;
				CLANG_ANALYZER_NONNULL = YES;
				CLANG_ANALYZER_NUMBER_OBJECT_CONVERSION = YES_AGGRESSIVE;
				CLANG_CXX_LANGUAGE_STANDARD = "gnu++14";
				CLANG_CXX_LIBRARY = "libc++";
				CLANG_ENABLE_MODULES = YES;
				CLANG_ENABLE_OBJC_ARC = YES;
				CLANG_ENABLE_OBJC_WEAK = YES;
				CLANG_WARN_BLOCK_CAPTURE_AUTORELEASING = YES;
				CLANG_WARN_BOOL_CONVERSION = YES;
				CLANG_WARN_COMMA = YES;
				CLANG_WARN_CONSTANT_CONVERSION = YES;
				CLANG_WARN_DEPRECATED_OBJC_IMPLEMENTATIONS = YES;
				CLANG_WARN_DIRECT_OBJC_ISA_USAGE = YES_ERROR;
				CLANG_WARN_DOCUMENTATION_COMMENTS = YES;
				CLANG_WARN_EMPTY_BODY = YES;
				CLANG_WARN_ENUM_CONVERSION = YES;
				CLANG_WARN_INFINITE_RECURSION = YES;
				CLANG_WARN_INT_CONVERSION = YES;
				CLANG_WARN_NON_LITERAL_NULL_CONVERSION = YES;
				CLANG_WARN_OBJC_IMPLICIT_RETAIN_SELF = YES;
				CLANG_WARN_OBJC_LITERAL_CONVERSION = YES;
				CLANG_WARN_OBJC_ROOT_CLASS = YES_ERROR;
				CLANG_WARN_RANGE_LOOP_ANALYSIS = YES;
				CLANG_WARN_STRICT_PROTOTYPES = YES;
				CLANG_WARN_SUSPICIOUS_MOVE = YES;
				CLANG_WARN_UNGUARDED_AVAILABILITY = YES_AGGRESSIVE;
				CLANG_WARN_UNREACHABLE_CODE = YES;
				CLANG_WARN__DUPLICATE_METHOD_MATCH = YES;
				CODE_SIGN_IDENTITY = "iPhone Developer";
				COPY_PHASE_STRIP = NO;
				DEBUG_INFORMATION_FORMAT = "dwarf-with-dsym";
				ENABLE_NS_ASSERTIONS = NO;
				ENABLE_STRICT_OBJC_MSGSEND = YES;
				GCC_C_LANGUAGE_STANDARD = gnu11;
				GCC_NO_COMMON_BLOCKS = YES;
				GCC_WARN_64_TO_32_BIT_CONVERSION = YES;
				GCC_WARN_ABOUT_RETURN_TYPE = YES_ERROR;
				GCC_WARN_UNDECLARED_SELECTOR = YES;
				GCC_WARN_UNINITIALIZED_AUTOS = YES_AGGRESSIVE;
				GCC_WARN_UNUSED_FUNCTION = YES;
				GCC_WARN_UNUSED_VARIABLE = YES;
				IPHONEOS_DEPLOYMENT_TARGET = 10.0;
				MTL_ENABLE_DEBUG_INFO = NO;
				MTL_FAST_MATH = YES;
				SDKROOT = iphoneos;
				SWIFT_COMPILATION_MODE = wholemodule;
				SWIFT_OPTIMIZATION_LEVEL = "-O";
				VALIDATE_PRODUCT = YES;
			};
			name = Release;
		};
		85E99FE7230829FF00037D19 /* Debug */ = {
			isa = XCBuildConfiguration;
			buildSettings = {
				ASSETCATALOG_COMPILER_APPICON_NAME = AppIcon;
				CODE_SIGN_STYLE = Automatic;
				INFOPLIST_FILE = NCSRMTest/Info.plist;
				LD_RUNPATH_SEARCH_PATHS = (
					"$(inherited)",
					"@executable_path/Frameworks",
				);
				PRODUCT_BUNDLE_IDENTIFIER = niklas.NCSRMTest;
				PRODUCT_NAME = "$(TARGET_NAME)";
				SWIFT_VERSION = 5.0;
				TARGETED_DEVICE_FAMILY = "1,2";
			};
			name = Debug;
		};
		85E99FE8230829FF00037D19 /* Release */ = {
			isa = XCBuildConfiguration;
			buildSettings = {
				ASSETCATALOG_COMPILER_APPICON_NAME = AppIcon;
				CODE_SIGN_STYLE = Automatic;
				INFOPLIST_FILE = NCSRMTest/Info.plist;
				LD_RUNPATH_SEARCH_PATHS = (
					"$(inherited)",
					"@executable_path/Frameworks",
				);
				PRODUCT_BUNDLE_IDENTIFIER = niklas.NCSRMTest;
				PRODUCT_NAME = "$(TARGET_NAME)";
				SWIFT_VERSION = 5.0;
				TARGETED_DEVICE_FAMILY = "1,2";
			};
			name = Release;
		};
		85E99FEA230829FF00037D19 /* Debug */ = {
			isa = XCBuildConfiguration;
			buildSettings = {
				ALWAYS_EMBED_SWIFT_STANDARD_LIBRARIES = YES;
				BUNDLE_LOADER = "$(TEST_HOST)";
				CODE_SIGN_STYLE = Automatic;
				INFOPLIST_FILE = NCSRMTestTests/Info.plist;
				LD_RUNPATH_SEARCH_PATHS = (
					"$(inherited)",
					"@executable_path/Frameworks",
					"@loader_path/Frameworks",
				);
				PRODUCT_BUNDLE_IDENTIFIER = niklas.NCSRMTestTests;
				PRODUCT_NAME = "$(TARGET_NAME)";
				SWIFT_VERSION = 5.0;
				TARGETED_DEVICE_FAMILY = "1,2";
				TEST_HOST = "$(BUILT_PRODUCTS_DIR)/NCSRMTest.app/NCSRMTest";
			};
			name = Debug;
		};
		85E99FEB230829FF00037D19 /* Release */ = {
			isa = XCBuildConfiguration;
			buildSettings = {
				ALWAYS_EMBED_SWIFT_STANDARD_LIBRARIES = YES;
				BUNDLE_LOADER = "$(TEST_HOST)";
				CODE_SIGN_STYLE = Automatic;
				INFOPLIST_FILE = NCSRMTestTests/Info.plist;
				LD_RUNPATH_SEARCH_PATHS = (
					"$(inherited)",
					"@executable_path/Frameworks",
					"@loader_path/Frameworks",
				);
				PRODUCT_BUNDLE_IDENTIFIER = niklas.NCSRMTestTests;
				PRODUCT_NAME = "$(TARGET_NAME)";
				SWIFT_VERSION = 5.0;
				TARGETED_DEVICE_FAMILY = "1,2";
				TEST_HOST = "$(BUILT_PRODUCTS_DIR)/NCSRMTest.app/NCSRMTest";
			};
			name = Release;
		};
/* End XCBuildConfiguration section */

/* Begin XCConfigurationList section */
		85E99FC4230829FE00037D19 /* Build configuration list for PBXProject "NCSRMTest" */ = {
			isa = XCConfigurationList;
			buildConfigurations = (
				85E99FE4230829FF00037D19 /* Debug */,
				85E99FE5230829FF00037D19 /* Release */,
			);
			defaultConfigurationIsVisible = 0;
			defaultConfigurationName = Release;
		};
		85E99FE6230829FF00037D19 /* Build configuration list for PBXNativeTarget "NCSRMTest" */ = {
			isa = XCConfigurationList;
			buildConfigurations = (
				85E99FE7230829FF00037D19 /* Debug */,
				85E99FE8230829FF00037D19 /* Release */,
			);
			defaultConfigurationIsVisible = 0;
			defaultConfigurationName = Release;
		};
		85E99FE9230829FF00037D19 /* Build configuration list for PBXNativeTarget "NCSRMTestTests" */ = {
			isa = XCConfigurationList;
			buildConfigurations = (
				85E99FEA230829FF00037D19 /* Debug */,
				85E99FEB230829FF00037D19 /* Release */,
			);
			defaultConfigurationIsVisible = 0;
			defaultConfigurationName = Release;
		};
/* End XCConfigurationList section */
	};
	rootObject = 85E99FC1230829FE00037D19 /* Project object */;
}
